
Microsoft Visual Studio Solution File, Format Version 12.00
# Visual Studio Version 17
VisualStudioVersion = 17.8.34511.84
MinimumVisualStudioVersion = 10.0.40219.1
Project("{8BC9CEB8-8B4A-11D0-8D11-00A0C91BC942}") = "Function_MetreToOthers", "Function_MetreToOthers\Function_MetreToOthers.vcxproj", "{D0F81564-2C55-4C83-A3B1-BA91FB5D3AC6}"
EndProject
Global
	GlobalSection(SolutionConfigurationPlatforms) = preSolution
		Debug|x64 = Debug|x64
		Debug|x86 = Debug|x86
		Release|x64 = Release|x64
		Release|x86 = Release|x86
	EndGlobalSection
	GlobalSection(ProjectConfigurationPlatforms) = postSolution
		{D0F81564-2C55-4C83-A3B1-BA91FB5D3AC6}.Debug|x64.ActiveCfg = Debug|x64
		{D0F81564-2C55-4C83-A3B1-BA91FB5D3AC6}.Debug|x64.Build.0 = Debug|x64
		{D0F81564-2C55-4C83-A3B1-BA91FB5D3AC6}.Debug|x86.ActiveCfg = Debug|Win32
		{D0F81564-2C55-4C83-A3B1-BA91FB5D3AC6}.Debug|x86.Build.0 = Debug|Win32
		{D0F81564-2C55-4C83-A3B1-BA91FB5D3AC6}.Release|x64.ActiveCfg = Release|x64
		{D0F81564-2C55-4C83-A3B1-BA91FB5D3AC6}.Release|x64.Build.0 = Release|x64
		{D0F81564-2C55-4C83-A3B1-BA91FB5D3AC6}.Release|x86.ActiveCfg = Release|Win32
		{D0F81564-2C55-4C83-A3B1-BA91FB5D3AC6}.Release|x86.Build.0 = Release|Win32
	EndGlobalSection
	GlobalSection(SolutionProperties) = preSolution
		HideSolutionNode = FALSE
	EndGlobalSection
	GlobalSection(ExtensibilityGlobals) = postSolution
		SolutionGuid = {6D7412B8-795F-4F65-ADF7-5205040516DD}
	EndGlobalSection
EndGlobal
